
Microsoft Visual Studio Solution File, Format Version 12.00
# Visual Studio Version 17
VisualStudioVersion = 17.8.34511.84
MinimumVisualStudioVersion = 10.0.40219.1
Project("{FAE04EC0-301F-11D3-BF4B-00C04F79EFBC}") = "exercise2", "exercise2.csproj", "{AA0EC552-7DA5-409D-B90A-4A1BEFC7C538}"
EndProject
Global
	GlobalSection(SolutionConfigurationPlatforms) = preSolution
		Debug|Any CPU = Debug|Any CPU
		Release|Any CPU = Release|Any CPU
	EndGlobalSection
	GlobalSection(ProjectConfigurationPlatforms) = postSolution
		{AA0EC552-7DA5-409D-B90A-4A1BEFC7C538}.Debug|Any CPU.ActiveCfg = Debug|Any CPU
		{AA0EC552-7DA5-409D-B90A-4A1BEFC7C538}.Debug|Any CPU.Build.0 = Debug|Any CPU
		{AA0EC552-7DA5-409D-B90A-4A1BEFC7C538}.Release|Any CPU.ActiveCfg = Release|Any CPU
		{AA0EC552-7DA5-409D-B90A-4A1BEFC7C538}.Release|Any CPU.Build.0 = Release|Any CPU
	EndGlobalSection
	GlobalSection(SolutionProperties) = preSolution
		HideSolutionNode = FALSE
	EndGlobalSection
	GlobalSection(ExtensibilityGlobals) = postSolution
		SolutionGuid = {4972E0F6-ECD6-42EB-A2BB-F8ADF746F699}
	EndGlobalSection
EndGlobal
